
Microsoft Visual Studio Solution File, Format Version 12.00
# Visual Studio Version 16
VisualStudioVersion = 16.0.30517.126
MinimumVisualStudioVersion = 15.0.26124.0
Project("{9A19103F-16F7-4668-BE54-9A1E7A4F7556}") = "DemoConsoleApp", "DemoConsoleApp\DemoConsoleApp.csproj", "{24A9CE46-0DED-4444-A0DC-B242903D78B3}"
EndProject
Project("{9A19103F-16F7-4668-BE54-9A1E7A4F7556}") = "TwitterDemoAPI", "DemoLibrary\TwitterDemoAPI.csproj", "{A856C058-BAF8-4846-9C8F-ED899B5C10F1}"
EndProject
Global
	GlobalSection(SolutionConfigurationPlatforms) = preSolution
		Debug|Any CPU = Debug|Any CPU
		Debug|x64 = Debug|x64
		Debug|x86 = Debug|x86
		Release|Any CPU = Release|Any CPU
		Release|x64 = Release|x64
		Release|x86 = Release|x86
	EndGlobalSection
	GlobalSection(ProjectConfigurationPlatforms) = postSolution
		{24A9CE46-0DED-4444-A0DC-B242903D78B3}.Debug|Any CPU.ActiveCfg = Debug|Any CPU
		{24A9CE46-0DED-4444-A0DC-B242903D78B3}.Debug|Any CPU.Build.0 = Debug|Any CPU
		{24A9CE46-0DED-4444-A0DC-B242903D78B3}.Debug|x64.ActiveCfg = Debug|Any CPU
		{24A9CE46-0DED-4444-A0DC-B242903D78B3}.Debug|x64.Build.0 = Debug|Any CPU
		{24A9CE46-0DED-4444-A0DC-B242903D78B3}.Debug|x86.ActiveCfg = Debug|Any CPU
		{24A9CE46-0DED-4444-A0DC-B242903D78B3}.Debug|x86.Build.0 = Debug|Any CPU
		{24A9CE46-0DED-4444-A0DC-B242903D78B3}.Release|Any CPU.ActiveCfg = Release|Any CPU
		{24A9CE46-0DED-4444-A0DC-B242903D78B3}.Release|Any CPU.Build.0 = Release|Any CPU
		{24A9CE46-0DED-4444-A0DC-B242903D78B3}.Release|x64.ActiveCfg = Release|Any CPU
		{24A9CE46-0DED-4444-A0DC-B242903D78B3}.Release|x64.Build.0 = Release|Any CPU
		{24A9CE46-0DED-4444-A0DC-B242903D78B3}.Release|x86.ActiveCfg = Release|Any CPU
		{24A9CE46-0DED-4444-A0DC-B242903D78B3}.Release|x86.Build.0 = Release|Any CPU
		{A856C058-BAF8-4846-9C8F-ED899B5C10F1}.Debug|Any CPU.ActiveCfg = Debug|Any CPU
		{A856C058-BAF8-4846-9C8F-ED899B5C10F1}.Debug|Any CPU.Build.0 = Debug|Any CPU
		{A856C058-BAF8-4846-9C8F-ED899B5C10F1}.Debug|x64.ActiveCfg = Debug|Any CPU
		{A856C058-BAF8-4846-9C8F-ED899B5C10F1}.Debug|x64.Build.0 = Debug|Any CPU
		{A856C058-BAF8-4846-9C8F-ED899B5C10F1}.Debug|x86.ActiveCfg = Debug|Any CPU
		{A856C058-BAF8-4846-9C8F-ED899B5C10F1}.Debug|x86.Build.0 = Debug|Any CPU
		{A856C058-BAF8-4846-9C8F-ED899B5C10F1}.Release|Any CPU.ActiveCfg = Release|Any CPU
		{A856C058-BAF8-4846-9C8F-ED899B5C10F1}.Release|Any CPU.Build.0 = Release|Any CPU
		{A856C058-BAF8-4846-9C8F-ED899B5C10F1}.Release|x64.ActiveCfg = Release|Any CPU
		{A856C058-BAF8-4846-9C8F-ED899B5C10F1}.Release|x64.Build.0 = Release|Any CPU
		{A856C058-BAF8-4846-9C8F-ED899B5C10F1}.Release|x86.ActiveCfg = Release|Any CPU
		{A856C058-BAF8-4846-9C8F-ED899B5C10F1}.Release|x86.Build.0 = Release|Any CPU
	EndGlobalSection
	GlobalSection(SolutionProperties) = preSolution
		HideSolutionNode = FALSE
	EndGlobalSection
	GlobalSection(ExtensibilityGlobals) = postSolution
		SolutionGuid = {6AE61219-3DB2-4731-9FD9-014FF8DFD7DC}
	EndGlobalSection
EndGlobal
